
Microsoft Visual Studio Solution File, Format Version 12.00
# Visual Studio 15
VisualStudioVersion = 15.0.33529.398
MinimumVisualStudioVersion = 10.0.40219.1
Project("{FAE04EC0-301F-11D3-BF4B-00C04F79EFBC}") = "practica", "practica\practica.csproj", "{CB900388-28DD-4188-8B60-DCCD7E6C6536}"
EndProject
Global
	GlobalSection(SolutionConfigurationPlatforms) = preSolution
		Debug|Any CPU = Debug|Any CPU
		Release|Any CPU = Release|Any CPU
	EndGlobalSection
	GlobalSection(ProjectConfigurationPlatforms) = postSolution
		{CB900388-28DD-4188-8B60-DCCD7E6C6536}.Debug|Any CPU.ActiveCfg = Debug|Any CPU
		{CB900388-28DD-4188-8B60-DCCD7E6C6536}.Debug|Any CPU.Build.0 = Debug|Any CPU
		{CB900388-28DD-4188-8B60-DCCD7E6C6536}.Release|Any CPU.ActiveCfg = Release|Any CPU
		{CB900388-28DD-4188-8B60-DCCD7E6C6536}.Release|Any CPU.Build.0 = Release|Any CPU
	EndGlobalSection
	GlobalSection(SolutionProperties) = preSolution
		HideSolutionNode = FALSE
	EndGlobalSection
	GlobalSection(ExtensibilityGlobals) = postSolution
		SolutionGuid = {EBF52B19-A588-4476-B7DB-49F996D16B2B}
	EndGlobalSection
EndGlobal
